// !$*UTF8*$!
{
	archiveVersion = 1;
	classes = {
	};
	objectVersion = 56;
	objects = {

/* Begin PBXBuildFile section */
		56F1BE7808BD665B18A9AFF7 /* Pods_Todoer.framework in Frameworks */ = {isa = PBXBuildFile; fileRef = 2D46916442F301D21FFB2158 /* Pods_Todoer.framework */; };
		F35D980629B67E5A00EB4E74 /* CategoryViewController.swift in Sources */ = {isa = PBXBuildFile; fileRef = F35D980529B67E5A00EB4E74 /* CategoryViewController.swift */; };
		F35D980A29BA49F800EB4E74 /* Item.swift in Sources */ = {isa = PBXBuildFile; fileRef = F35D980929BA49F800EB4E74 /* Item.swift */; };
		F35D980C29BA4A1200EB4E74 /* Category.swift in Sources */ = {isa = PBXBuildFile; fileRef = F35D980B29BA4A1200EB4E74 /* Category.swift */; };
		F35D981029C2491000EB4E74 /* SwipeTableViewController.swift in Sources */ = {isa = PBXBuildFile; fileRef = F35D980F29C2491000EB4E74 /* SwipeTableViewController.swift */; };
		F3CE08F329AD091200637BB3 /* AppDelegate.swift in Sources */ = {isa = PBXBuildFile; fileRef = F3CE08F229AD091200637BB3 /* AppDelegate.swift */; };
		F3CE08F529AD091200637BB3 /* SceneDelegate.swift in Sources */ = {isa = PBXBuildFile; fileRef = F3CE08F429AD091200637BB3 /* SceneDelegate.swift */; };
		F3CE08F729AD091200637BB3 /* TodoListViewController.swift in Sources */ = {isa = PBXBuildFile; fileRef = F3CE08F629AD091200637BB3 /* TodoListViewController.swift */; };
		F3CE08FA29AD091200637BB3 /* Main.storyboard in Resources */ = {isa = PBXBuildFile; fileRef = F3CE08F829AD091200637BB3 /* Main.storyboard */; };
		F3CE08FC29AD091400637BB3 /* Assets.xcassets in Resources */ = {isa = PBXBuildFile; fileRef = F3CE08FB29AD091400637BB3 /* Assets.xcassets */; };
		F3CE08FF29AD091400637BB3 /* LaunchScreen.storyboard in Resources */ = {isa = PBXBuildFile; fileRef = F3CE08FD29AD091400637BB3 /* LaunchScreen.storyboard */; };
/* End PBXBuildFile section */

/* Begin PBXFileReference section */
		233D1D7FD90DFA40D1342CFE /* Pods-Todoer.debug.xcconfig */ = {isa = PBXFileReference; includeInIndex = 1; lastKnownFileType = text.xcconfig; name = "Pods-Todoer.debug.xcconfig"; path = "Target Support Files/Pods-Todoer/Pods-Todoer.debug.xcconfig"; sourceTree = "<group>"; };
		2D46916442F301D21FFB2158 /* Pods_Todoer.framework */ = {isa = PBXFileReference; explicitFileType = wrapper.framework; includeInIndex = 0; path = Pods_Todoer.framework; sourceTree = BUILT_PRODUCTS_DIR; };
		F35D980529B67E5A00EB4E74 /* CategoryViewController.swift */ = {isa = PBXFileReference; lastKnownFileType = sourcecode.swift; path = CategoryViewController.swift; sourceTree = "<group>"; };
		F35D980929BA49F800EB4E74 /* Item.swift */ = {isa = PBXFileReference; lastKnownFileType = sourcecode.swift; path = Item.swift; sourceTree = "<group>"; };
		F35D980B29BA4A1200EB4E74 /* Category.swift */ = {isa = PBXFileReference; lastKnownFileType = sourcecode.swift; path = Category.swift; sourceTree = "<group>"; };
		F35D980F29C2491000EB4E74 /* SwipeTableViewController.swift */ = {isa = PBXFileReference; lastKnownFileType = sourcecode.swift; path = SwipeTableViewController.swift; sourceTree = "<group>"; };
		F3CE08EF29AD091200637BB3 /* Todoer.app */ = {isa = PBXFileReference; explicitFileType = wrapper.application; includeInIndex = 0; path = Todoer.app; sourceTree = BUILT_PRODUCTS_DIR; };
		F3CE08F229AD091200637BB3 /* AppDelegate.swift */ = {isa = PBXFileReference; lastKnownFileType = sourcecode.swift; path = AppDelegate.swift; sourceTree = "<group>"; };
		F3CE08F429AD091200637BB3 /* SceneDelegate.swift */ = {isa = PBXFileReference; lastKnownFileType = sourcecode.swift; path = SceneDelegate.swift; sourceTree = "<group>"; };
		F3CE08F629AD091200637BB3 /* TodoListViewController.swift */ = {isa = PBXFileReference; lastKnownFileType = sourcecode.swift; path = TodoListViewController.swift; sourceTree = "<group>"; };
		F3CE08F929AD091200637BB3 /* Base */ = {isa = PBXFileReference; lastKnownFileType = file.storyboard; name = Base; path = Base.lproj/Main.storyboard; sourceTree = "<group>"; };
		F3CE08FB29AD091400637BB3 /* Assets.xcassets */ = {isa = PBXFileReference; lastKnownFileType = folder.assetcatalog; path = Assets.xcassets; sourceTree = "<group>"; };
		F3CE08FE29AD091400637BB3 /* Base */ = {isa = PBXFileReference; lastKnownFileType = file.storyboard; name = Base; path = Base.lproj/LaunchScreen.storyboard; sourceTree = "<group>"; };
		F3CE090029AD091400637BB3 /* Info.plist */ = {isa = PBXFileReference; lastKnownFileType = text.plist.xml; path = Info.plist; sourceTree = "<group>"; };
		F4363A872B18C4E532749CCD /* Pods-Todoer.release.xcconfig */ = {isa = PBXFileReference; includeInIndex = 1; lastKnownFileType = text.xcconfig; name = "Pods-Todoer.release.xcconfig"; path = "Target Support Files/Pods-Todoer/Pods-Todoer.release.xcconfig"; sourceTree = "<group>"; };
/* End PBXFileReference section */

/* Begin PBXFrameworksBuildPhase section */
		F3CE08EC29AD091200637BB3 /* Frameworks */ = {
			isa = PBXFrameworksBuildPhase;
			buildActionMask = 2147483647;
			files = (
				56F1BE7808BD665B18A9AFF7 /* Pods_Todoer.framework in Frameworks */,
			);
			runOnlyForDeploymentPostprocessing = 0;
		};
/* End PBXFrameworksBuildPhase section */

/* Begin PBXGroup section */
		6A328C170AF40FA9DA09EEF5 /* Frameworks */ = {
			isa = PBXGroup;
			children = (
				2D46916442F301D21FFB2158 /* Pods_Todoer.framework */,
			);
			name = Frameworks;
			sourceTree = "<group>";
		};
		D2F9B62E95AD611F4033F7FC /* Pods */ = {
			isa = PBXGroup;
			children = (
				233D1D7FD90DFA40D1342CFE /* Pods-Todoer.debug.xcconfig */,
				F4363A872B18C4E532749CCD /* Pods-Todoer.release.xcconfig */,
			);
			path = Pods;
			sourceTree = "<group>";
		};
		F35D97D929AFDA1F00EB4E74 /* Controllers */ = {
			isa = PBXGroup;
			children = (
				F3CE08F629AD091200637BB3 /* TodoListViewController.swift */,
				F35D980529B67E5A00EB4E74 /* CategoryViewController.swift */,
				F35D980F29C2491000EB4E74 /* SwipeTableViewController.swift */,
			);
			path = Controllers;
			sourceTree = "<group>";
		};
		F35D97DC29AFDA7300EB4E74 /* Data Model */ = {
			isa = PBXGroup;
			children = (
				F35D980929BA49F800EB4E74 /* Item.swift */,
				F35D980B29BA4A1200EB4E74 /* Category.swift */,
			);
			path = "Data Model";
			sourceTree = "<group>";
		};
		F35D97DD29AFDB4100EB4E74 /* Suporting files */ = {
			isa = PBXGroup;
			children = (
				F3CE08FB29AD091400637BB3 /* Assets.xcassets */,
				F3CE08FD29AD091400637BB3 /* LaunchScreen.storyboard */,
			);
			path = "Suporting files";
			sourceTree = "<group>";
		};
		F35D97DE29AFDB5600EB4E74 /* Views */ = {
			isa = PBXGroup;
			children = (
				F3CE08F829AD091200637BB3 /* Main.storyboard */,
			);
			path = Views;
			sourceTree = "<group>";
		};
		F3CE08E629AD091200637BB3 = {
			isa = PBXGroup;
			children = (
				F3CE08F129AD091200637BB3 /* Todoer */,
				F3CE08F029AD091200637BB3 /* Products */,
				D2F9B62E95AD611F4033F7FC /* Pods */,
				6A328C170AF40FA9DA09EEF5 /* Frameworks */,
			);
			sourceTree = "<group>";
		};
		F3CE08F029AD091200637BB3 /* Products */ = {
			isa = PBXGroup;
			children = (
				F3CE08EF29AD091200637BB3 /* Todoer.app */,
			);
			name = Products;
			sourceTree = "<group>";
		};
		F3CE08F129AD091200637BB3 /* Todoer */ = {
			isa = PBXGroup;
			children = (
				F3CE08F229AD091200637BB3 /* AppDelegate.swift */,
				F35D97DC29AFDA7300EB4E74 /* Data Model */,
				F3CE08F429AD091200637BB3 /* SceneDelegate.swift */,
				F35D97D929AFDA1F00EB4E74 /* Controllers */,
				F35D97DE29AFDB5600EB4E74 /* Views */,
				F35D97DD29AFDB4100EB4E74 /* Suporting files */,
				F3CE090029AD091400637BB3 /* Info.plist */,
			);
			path = Todoer;
			sourceTree = "<group>";
		};
/* End PBXGroup section */

/* Begin PBXNativeTarget section */
		F3CE08EE29AD091200637BB3 /* Todoer */ = {
			isa = PBXNativeTarget;
			buildConfigurationList = F3CE090329AD091400637BB3 /* Build configuration list for PBXNativeTarget "Todoer" */;
			buildPhases = (
				9E6950B8BD8D3B6BBD03B873 /* [CP] Check Pods Manifest.lock */,
				F3CE08EB29AD091200637BB3 /* Sources */,
				F3CE08EC29AD091200637BB3 /* Frameworks */,
				F3CE08ED29AD091200637BB3 /* Resources */,
				F38BF07F060C9844A4FA90B3 /* [CP] Embed Pods Frameworks */,
			);
			buildRules = (
			);
			dependencies = (
			);
			name = Todoer;
			productName = Todoer;
			productReference = F3CE08EF29AD091200637BB3 /* Todoer.app */;
			productType = "com.apple.product-type.application";
		};
/* End PBXNativeTarget section */

/* Begin PBXProject section */
		F3CE08E729AD091200637BB3 /* Project object */ = {
			isa = PBXProject;
			attributes = {
				BuildIndependentTargetsInParallel = 1;
				LastSwiftUpdateCheck = 1420;
				LastUpgradeCheck = 1420;
				TargetAttributes = {
					F3CE08EE29AD091200637BB3 = {
						CreatedOnToolsVersion = 14.2;
					};
				};
			};
			buildConfigurationList = F3CE08EA29AD091200637BB3 /* Build configuration list for PBXProject "Todoer" */;
			compatibilityVersion = "Xcode 14.0";
			developmentRegion = en;
			hasScannedForEncodings = 0;
			knownRegions = (
				en,
				Base,
			);
			mainGroup = F3CE08E629AD091200637BB3;
			productRefGroup = F3CE08F029AD091200637BB3 /* Products */;
			projectDirPath = "";
			projectRoot = "";
			targets = (
				F3CE08EE29AD091200637BB3 /* Todoer */,
			);
		};
/* End PBXProject section */

/* Begin PBXResourcesBuildPhase section */
		F3CE08ED29AD091200637BB3 /* Resources */ = {
			isa = PBXResourcesBuildPhase;
			buildActionMask = 2147483647;
			files = (
				F3CE08FF29AD091400637BB3 /* LaunchScreen.storyboard in Resources */,
				F3CE08FC29AD091400637BB3 /* Assets.xcassets in Resources */,
				F3CE08FA29AD091200637BB3 /* Main.storyboard in Resources */,
			);
			runOnlyForDeploymentPostprocessing = 0;
		};
/* End PBXResourcesBuildPhase section */

/* Begin PBXShellScriptBuildPhase section */
		9E6950B8BD8D3B6BBD03B873 /* [CP] Check Pods Manifest.lock */ = {
			isa = PBXShellScriptBuildPhase;
			buildActionMask = 2147483647;
			files = (
			);
			inputFileListPaths = (
			);
			inputPaths = (
				"${PODS_PODFILE_DIR_PATH}/Podfile.lock",
				"${PODS_ROOT}/Manifest.lock",
			);
			name = "[CP] Check Pods Manifest.lock";
			outputFileListPaths = (
			);
			outputPaths = (
				"$(DERIVED_FILE_DIR)/Pods-Todoer-checkManifestLockResult.txt",
			);
			runOnlyForDeploymentPostprocessing = 0;
			shellPath = /bin/sh;
			shellScript = "diff \"${PODS_PODFILE_DIR_PATH}/Podfile.lock\" \"${PODS_ROOT}/Manifest.lock\" > /dev/null\nif [ $? != 0 ] ; then\n    # print error to STDERR\n    echo \"error: The sandbox is not in sync with the Podfile.lock. Run 'pod install' or update your CocoaPods installation.\" >&2\n    exit 1\nfi\n# This output is used by Xcode 'outputs' to avoid re-running this script phase.\necho \"SUCCESS\" > \"${SCRIPT_OUTPUT_FILE_0}\"\n";
			showEnvVarsInLog = 0;
		};
		F38BF07F060C9844A4FA90B3 /* [CP] Embed Pods Frameworks */ = {
			isa = PBXShellScriptBuildPhase;
			buildActionMask = 2147483647;
			files = (
			);
			inputFileListPaths = (
				"${PODS_ROOT}/Target Support Files/Pods-Todoer/Pods-Todoer-frameworks-${CONFIGURATION}-input-files.xcfilelist",
			);
			name = "[CP] Embed Pods Frameworks";
			outputFileListPaths = (
				"${PODS_ROOT}/Target Support Files/Pods-Todoer/Pods-Todoer-frameworks-${CONFIGURATION}-output-files.xcfilelist",
			);
			runOnlyForDeploymentPostprocessing = 0;
			shellPath = /bin/sh;
			shellScript = "\"${PODS_ROOT}/Target Support Files/Pods-Todoer/Pods-Todoer-frameworks.sh\"\n";
			showEnvVarsInLog = 0;
		};
/* End PBXShellScriptBuildPhase section */

/* Begin PBXSourcesBuildPhase section */
		F3CE08EB29AD091200637BB3 /* Sources */ = {
			isa = PBXSourcesBuildPhase;
			buildActionMask = 2147483647;
			files = (
				F3CE08F729AD091200637BB3 /* TodoListViewController.swift in Sources */,
				F3CE08F329AD091200637BB3 /* AppDelegate.swift in Sources */,
				F35D980629B67E5A00EB4E74 /* CategoryViewController.swift in Sources */,
				F35D981029C2491000EB4E74 /* SwipeTableViewController.swift in Sources */,
				F35D980A29BA49F800EB4E74 /* Item.swift in Sources */,
				F3CE08F529AD091200637BB3 /* SceneDelegate.swift in Sources */,
				F35D980C29BA4A1200EB4E74 /* Category.swift in Sources */,
			);
			runOnlyForDeploymentPostprocessing = 0;
		};
/* End PBXSourcesBuildPhase section */

/* Begin PBXVariantGroup section */
		F3CE08F829AD091200637BB3 /* Main.storyboard */ = {
			isa = PBXVariantGroup;
			children = (
				F3CE08F929AD091200637BB3 /* Base */,
			);
			name = Main.storyboard;
			sourceTree = "<group>";
		};
		F3CE08FD29AD091400637BB3 /* LaunchScreen.storyboard */ = {
			isa = PBXVariantGroup;
			children = (
				F3CE08FE29AD091400637BB3 /* Base */,
			);
			name = LaunchScreen.storyboard;
			sourceTree = "<group>";
		};
/* End PBXVariantGroup section */

/* Begin XCBuildConfiguration section */
		F3CE090129AD091400637BB3 /* Debug */ = {
			isa = XCBuildConfiguration;
			buildSettings = {
				ALWAYS_SEARCH_USER_PATHS = NO;
				CLANG_ANALYZER_NONNULL = YES;
				CLANG_ANALYZER_NUMBER_OBJECT_CONVERSION = YES_AGGRESSIVE;
				CLANG_CXX_LANGUAGE_STANDARD = "gnu++20";
				CLANG_ENABLE_MODULES = YES;
				CLANG_ENABLE_OBJC_ARC = YES;
				CLANG_ENABLE_OBJC_WEAK = YES;
				CLANG_WARN_BLOCK_CAPTURE_AUTORELEASING = YES;
				CLANG_WARN_BOOL_CONVERSION = YES;
				CLANG_WARN_COMMA = YES;
				CLANG_WARN_CONSTANT_CONVERSION = YES;
				CLANG_WARN_DEPRECATED_OBJC_IMPLEMENTATIONS = YES;
				CLANG_WARN_DIRECT_OBJC_ISA_USAGE = YES_ERROR;
				CLANG_WARN_DOCUMENTATION_COMMENTS = YES;
				CLANG_WARN_EMPTY_BODY = YES;
				CLANG_WARN_ENUM_CONVERSION = YES;
				CLANG_WARN_INFINITE_RECURSION = YES;
				CLANG_WARN_INT_CONVERSION = YES;
				CLANG_WARN_NON_LITERAL_NULL_CONVERSION = YES;
				CLANG_WARN_OBJC_IMPLICIT_RETAIN_SELF = YES;
				CLANG_WARN_OBJC_LITERAL_CONVERSION = YES;
				CLANG_WARN_OBJC_ROOT_CLASS = YES_ERROR;
				CLANG_WARN_QUOTED_INCLUDE_IN_FRAMEWORK_HEADER = YES;
				CLANG_WARN_RANGE_LOOP_ANALYSIS = YES;
				CLANG_WARN_STRICT_PROTOTYPES = YES;
				CLANG_WARN_SUSPICIOUS_MOVE = YES;
				CLANG_WARN_UNGUARDED_AVAILABILITY = YES_AGGRESSIVE;
				CLANG_WARN_UNREACHABLE_CODE = YES;
				CLANG_WARN__DUPLICATE_METHOD_MATCH = YES;
				COPY_PHASE_STRIP = NO;
				DEBUG_INFORMATION_FORMAT = dwarf;
				ENABLE_STRICT_OBJC_MSGSEND = YES;
				ENABLE_TESTABILITY = YES;
				GCC_C_LANGUAGE_STANDARD = gnu11;
				GCC_DYNAMIC_NO_PIC = NO;
				GCC_NO_COMMON_BLOCKS = YES;
				GCC_OPTIMIZATION_LEVEL = 0;
				GCC_PREPROCESSOR_DEFINITIONS = (
					"DEBUG=1",
					"$(inherited)",
				);
				GCC_WARN_64_TO_32_BIT_CONVERSION = YES;
				GCC_WARN_ABOUT_RETURN_TYPE = YES_ERROR;
				GCC_WARN_UNDECLARED_SELECTOR = YES;
				GCC_WARN_UNINITIALIZED_AUTOS = YES_AGGRESSIVE;
				GCC_WARN_UNUSED_FUNCTION = YES;
				GCC_WARN_UNUSED_VARIABLE = YES;
				IPHONEOS_DEPLOYMENT_TARGET = 16.2;
				MTL_ENABLE_DEBUG_INFO = INCLUDE_SOURCE;
				MTL_FAST_MATH = YES;
				ONLY_ACTIVE_ARCH = YES;
				SDKROOT = iphoneos;
				SWIFT_ACTIVE_COMPILATION_CONDITIONS = DEBUG;
				SWIFT_OPTIMIZATION_LEVEL = "-Onone";
			};
			name = Debug;
		};
		F3CE090229AD091400637BB3 /* Release */ = {
			isa = XCBuildConfiguration;
			buildSettings = {
				ALWAYS_SEARCH_USER_PATHS = NO;
				CLANG_ANALYZER_NONNULL = YES;
				CLANG_ANALYZER_NUMBER_OBJECT_CONVERSION = YES_AGGRESSIVE;
				CLANG_CXX_LANGUAGE_STANDARD = "gnu++20";
				CLANG_ENABLE_MODULES = YES;
				CLANG_ENABLE_OBJC_ARC = YES;
				CLANG_ENABLE_OBJC_WEAK = YES;
				CLANG_WARN_BLOCK_CAPTURE_AUTORELEASING = YES;
				CLANG_WARN_BOOL_CONVERSION = YES;
				CLANG_WARN_COMMA = YES;
				CLANG_WARN_CONSTANT_CONVERSION = YES;
				CLANG_WARN_DEPRECATED_OBJC_IMPLEMENTATIONS = YES;
				CLANG_WARN_DIRECT_OBJC_ISA_USAGE = YES_ERROR;
				CLANG_WARN_DOCUMENTATION_COMMENTS = YES;
				CLANG_WARN_EMPTY_BODY = YES;
				CLANG_WARN_ENUM_CONVERSION = YES;
				CLANG_WARN_INFINITE_RECURSION = YES;
				CLANG_WARN_INT_CONVERSION = YES;
				CLANG_WARN_NON_LITERAL_NULL_CONVERSION = YES;
				CLANG_WARN_OBJC_IMPLICIT_RETAIN_SELF = YES;
				CLANG_WARN_OBJC_LITERAL_CONVERSION = YES;
				CLANG_WARN_OBJC_ROOT_CLASS = YES_ERROR;
				CLANG_WARN_QUOTED_INCLUDE_IN_FRAMEWORK_HEADER = YES;
				CLANG_WARN_RANGE_LOOP_ANALYSIS = YES;
				CLANG_WARN_STRICT_PROTOTYPES = YES;
				CLANG_WARN_SUSPICIOUS_MOVE = YES;
				CLANG_WARN_UNGUARDED_AVAILABILITY = YES_AGGRESSIVE;
				CLANG_WARN_UNREACHABLE_CODE = YES;
				CLANG_WARN__DUPLICATE_METHOD_MATCH = YES;
				COPY_PHASE_STRIP = NO;
				DEBUG_INFORMATION_FORMAT = "dwarf-with-dsym";
				ENABLE_NS_ASSERTIONS = NO;
				ENABLE_STRICT_OBJC_MSGSEND = YES;
				GCC_C_LANGUAGE_STANDARD = gnu11;
				GCC_NO_COMMON_BLOCKS = YES;
				GCC_WARN_64_TO_32_BIT_CONVERSION = YES;
				GCC_WARN_ABOUT_RETURN_TYPE = YES_ERROR;
				GCC_WARN_UNDECLARED_SELECTOR = YES;
				GCC_WARN_UNINITIALIZED_AUTOS = YES_AGGRESSIVE;
				GCC_WARN_UNUSED_FUNCTION = YES;
				GCC_WARN_UNUSED_VARIABLE = YES;
				IPHONEOS_DEPLOYMENT_TARGET = 16.2;
				MTL_ENABLE_DEBUG_INFO = NO;
				MTL_FAST_MATH = YES;
				SDKROOT = iphoneos;
				SWIFT_COMPILATION_MODE = wholemodule;
				SWIFT_OPTIMIZATION_LEVEL = "-O";
				VALIDATE_PRODUCT = YES;
			};
			name = Release;
		};
		F3CE090429AD091400637BB3 /* Debug */ = {
			isa = XCBuildConfiguration;
			baseConfigurationReference = 233D1D7FD90DFA40D1342CFE /* Pods-Todoer.debug.xcconfig */;
			buildSettings = {
				ASSETCATALOG_COMPILER_APPICON_NAME = AppIcon;
				ASSETCATALOG_COMPILER_GLOBAL_ACCENT_COLOR_NAME = AccentColor;
				CODE_SIGN_STYLE = Automatic;
				CURRENT_PROJECT_VERSION = 1;
				DEVELOPMENT_TEAM = V99NF3PFRH;
				GENERATE_INFOPLIST_FILE = YES;
				INFOPLIST_FILE = Todoer/Info.plist;
				INFOPLIST_KEY_CFBundleDisplayName = Todoer;
				INFOPLIST_KEY_UIApplicationSupportsIndirectInputEvents = YES;
				INFOPLIST_KEY_UILaunchStoryboardName = LaunchScreen;
				INFOPLIST_KEY_UIMainStoryboardFile = Main;
				INFOPLIST_KEY_UISupportedInterfaceOrientations_iPad = "UIInterfaceOrientationPortrait UIInterfaceOrientationPortraitUpsideDown UIInterfaceOrientationLandscapeLeft UIInterfaceOrientationLandscapeRight";
				INFOPLIST_KEY_UISupportedInterfaceOrientations_iPhone = "UIInterfaceOrientationPortrait UIInterfaceOrientationLandscapeLeft UIInterfaceOrientationLandscapeRight";
				LD_RUNPATH_SEARCH_PATHS = (
					"$(inherited)",
					"@executable_path/Frameworks",
				);
				MARKETING_VERSION = 1.0;
				PRODUCT_BUNDLE_IDENTIFIER = com.Elena.Todoer;
				PRODUCT_NAME = "$(TARGET_NAME)";
				SWIFT_EMIT_LOC_STRINGS = YES;
				SWIFT_VERSION = 5.0;
				TARGETED_DEVICE_FAMILY = "1,2";
			};
			name = Debug;
		};
		F3CE090529AD091400637BB3 /* Release */ = {
			isa = XCBuildConfiguration;
			baseConfigurationReference = F4363A872B18C4E532749CCD /* Pods-Todoer.release.xcconfig */;
			buildSettings = {
				ASSETCATALOG_COMPILER_APPICON_NAME = AppIcon;
				ASSETCATALOG_COMPILER_GLOBAL_ACCENT_COLOR_NAME = AccentColor;
				CODE_SIGN_STYLE = Automatic;
				CURRENT_PROJECT_VERSION = 1;
				DEVELOPMENT_TEAM = V99NF3PFRH;
				GENERATE_INFOPLIST_FILE = YES;
				INFOPLIST_FILE = Todoer/Info.plist;
				INFOPLIST_KEY_CFBundleDisplayName = Todoer;
				INFOPLIST_KEY_UIApplicationSupportsIndirectInputEvents = YES;
				INFOPLIST_KEY_UILaunchStoryboardName = LaunchScreen;
				INFOPLIST_KEY_UIMainStoryboardFile = Main;
				INFOPLIST_KEY_UISupportedInterfaceOrientations_iPad = "UIInterfaceOrientationPortrait UIInterfaceOrientationPortraitUpsideDown UIInterfaceOrientationLandscapeLeft UIInterfaceOrientationLandscapeRight";
				INFOPLIST_KEY_UISupportedInterfaceOrientations_iPhone = "UIInterfaceOrientationPortrait UIInterfaceOrientationLandscapeLeft UIInterfaceOrientationLandscapeRight";
				LD_RUNPATH_SEARCH_PATHS = (
					"$(inherited)",
					"@executable_path/Frameworks",
				);
				MARKETING_VERSION = 1.0;
				PRODUCT_BUNDLE_IDENTIFIER = com.Elena.Todoer;
				PRODUCT_NAME = "$(TARGET_NAME)";
				SWIFT_EMIT_LOC_STRINGS = YES;
				SWIFT_VERSION = 5.0;
				TARGETED_DEVICE_FAMILY = "1,2";
			};
			name = Release;
		};
/* End XCBuildConfiguration section */

/* Begin XCConfigurationList section */
		F3CE08EA29AD091200637BB3 /* Build configuration list for PBXProject "Todoer" */ = {
			isa = XCConfigurationList;
			buildConfigurations = (
				F3CE090129AD091400637BB3 /* Debug */,
				F3CE090229AD091400637BB3 /* Release */,
			);
			defaultConfigurationIsVisible = 0;
			defaultConfigurationName = Release;
		};
		F3CE090329AD091400637BB3 /* Build configuration list for PBXNativeTarget "Todoer" */ = {
			isa = XCConfigurationList;
			buildConfigurations = (
				F3CE090429AD091400637BB3 /* Debug */,
				F3CE090529AD091400637BB3 /* Release */,
			);
			defaultConfigurationIsVisible = 0;
			defaultConfigurationName = Release;
		};
/* End XCConfigurationList section */
	};
	rootObject = F3CE08E729AD091200637BB3 /* Project object */;
}
